// !$*UTF8*$!
{
	archiveVersion = 1;
	classes = {
	};
	objectVersion = 56;
	objects = {

/* Begin PBXBuildFile section */
		B2000001 /* AdminConsoleView.swift in Sources */ = {isa = PBXBuildFile; fileRef = F2000001 /* AdminConsoleView.swift */; };
		B2000002 /* AdminFleetView.swift in Sources */ = {isa = PBXBuildFile; fileRef = F2000002 /* AdminFleetView.swift */; };
		B2000003 /* AdminLabsView.swift in Sources */ = {isa = PBXBuildFile; fileRef = F2000003 /* AdminLabsView.swift */; };
		B2000004 /* AdminOverviewView.swift in Sources */ = {isa = PBXBuildFile; fileRef = F2000004 /* AdminOverviewView.swift */; };
		B2000005 /* AdminTestsView.swift in Sources */ = {isa = PBXBuildFile; fileRef = F2000005 /* AdminTestsView.swift */; };
		B2000006 /* AdminUsersView.swift in Sources */ = {isa = PBXBuildFile; fileRef = F2000006 /* AdminUsersView.swift */; };
		B2000007 /* ContentView.swift in Sources */ = {isa = PBXBuildFile; fileRef = F2000007 /* ContentView.swift */; };
		B2000008 /* MedMargApp.swift in Sources */ = {isa = PBXBuildFile; fileRef = F2000008 /* MedMargApp.swift */; };
		B2000009 /* Models.swift in Sources */ = {isa = PBXBuildFile; fileRef = F2000009 /* Models.swift */; };
		B2000010 /* BottomNavbarView.swift in Sources */ = {isa = PBXBuildFile; fileRef = F2000010 /* BottomNavbarView.swift */; };
		B2000011 /* SidebarView.swift in Sources */ = {isa = PBXBuildFile; fileRef = F2000011 /* SidebarView.swift */; };
		B2000012 /* TopbarView.swift in Sources */ = {isa = PBXBuildFile; fileRef = F2000012 /* TopbarView.swift */; };
		B1000004 /* Assets.xcassets in Resources */ = {isa = PBXBuildFile; fileRef = F1000004 /* Assets.xcassets */; };
/* End PBXBuildFile section */

/* Begin PBXFileReference section */
		P1000000 /* MedMarg.app */ = {isa = PBXFileReference; explicitFileType = wrapper.application; includeInIndex = 0; path = MedMarg.app; sourceTree = BUILT_PRODUCTS_DIR; };
		F2000001 /* AdminConsoleView.swift */ = {isa = PBXFileReference; lastKnownFileType = sourcecode.swift; path = "Admin/AdminConsoleView.swift"; sourceTree = "<group>"; };
		F2000002 /* AdminFleetView.swift */ = {isa = PBXFileReference; lastKnownFileType = sourcecode.swift; path = "Admin/AdminFleetView.swift"; sourceTree = "<group>"; };
		F2000003 /* AdminLabsView.swift */ = {isa = PBXFileReference; lastKnownFileType = sourcecode.swift; path = "Admin/AdminLabsView.swift"; sourceTree = "<group>"; };
		F2000004 /* AdminOverviewView.swift */ = {isa = PBXFileReference; lastKnownFileType = sourcecode.swift; path = "Admin/AdminOverviewView.swift"; sourceTree = "<group>"; };
		F2000005 /* AdminTestsView.swift */ = {isa = PBXFileReference; lastKnownFileType = sourcecode.swift; path = "Admin/AdminTestsView.swift"; sourceTree = "<group>"; };
		F2000006 /* AdminUsersView.swift */ = {isa = PBXFileReference; lastKnownFileType = sourcecode.swift; path = "Admin/AdminUsersView.swift"; sourceTree = "<group>"; };
		F2000007 /* ContentView.swift */ = {isa = PBXFileReference; lastKnownFileType = sourcecode.swift; path = "ContentView.swift"; sourceTree = "<group>"; };
		F2000008 /* MedMargApp.swift */ = {isa = PBXFileReference; lastKnownFileType = sourcecode.swift; path = "MedMargApp.swift"; sourceTree = "<group>"; };
		F2000009 /* Models.swift */ = {isa = PBXFileReference; lastKnownFileType = sourcecode.swift; path = "Models.swift"; sourceTree = "<group>"; };
		F2000010 /* BottomNavbarView.swift */ = {isa = PBXFileReference; lastKnownFileType = sourcecode.swift; path = "Shared/Components/BottomNavbarView.swift"; sourceTree = "<group>"; };
		F2000011 /* SidebarView.swift */ = {isa = PBXFileReference; lastKnownFileType = sourcecode.swift; path = "Shared/Components/SidebarView.swift"; sourceTree = "<group>"; };
		F2000012 /* TopbarView.swift */ = {isa = PBXFileReference; lastKnownFileType = sourcecode.swift; path = "Shared/Components/TopbarView.swift"; sourceTree = "<group>"; };
		F1000004 /* Assets.xcassets */ = {isa = PBXFileReference; lastKnownFileType = folder.assetcatalog; path = Assets.xcassets; sourceTree = "<group>"; };
/* End PBXFileReference section */

/* Begin PBXFrameworksBuildPhase section */
		C1000001 /* Frameworks */ = {
			isa = PBXFrameworksBuildPhase;
			buildActionMask = 2147483647;
			files = (
			);
			runOnlyForDeploymentPostprocessing = 0;
		};
/* End PBXFrameworksBuildPhase section */

/* Begin PBXGroup section */
		G1000000 /* Main Group */ = {
			isa = PBXGroup;
			children = (
				F2000001 /* AdminConsoleView.swift */,
				F2000002 /* AdminFleetView.swift */,
				F2000003 /* AdminLabsView.swift */,
				F2000004 /* AdminOverviewView.swift */,
				F2000005 /* AdminTestsView.swift */,
				F2000006 /* AdminUsersView.swift */,
				F2000007 /* ContentView.swift */,
				F2000008 /* MedMargApp.swift */,
				F2000009 /* Models.swift */,
				F2000010 /* BottomNavbarView.swift */,
				F2000011 /* SidebarView.swift */,
				F2000012 /* TopbarView.swift */,
				F1000004 /* Assets.xcassets */,
				P1000000 /* MedMarg.app */,
			);
			sourceTree = "<group>";
		};
/* End PBXGroup section */

/* Begin PBXNativeTarget section */
		T1000000 /* MedMarg */ = {
			isa = PBXNativeTarget;
			buildConfigurationList = L1000001 /* Build configuration list for PBXNativeTarget "MedMarg" */;
			buildPhases = (
				C1000002 /* Sources */,
				C1000001 /* Frameworks */,
				C1000003 /* Resources */,
			);
			buildRules = (
			);
			dependencies = (
			);
			name = MedMarg;
			productName = MedMarg;
			productReference = P1000000 /* MedMarg.app */;
			productType = "com.apple.product-type.application";
		};
/* End PBXNativeTarget section */

/* Begin PBXProject section */
		PR100000 /* Project object */ = {
			isa = PBXProject;
			attributes = {
				BuildIndependentTargetsInParallel = 1;
				LastSwiftUpdateCheck = 1500;
				LastUpgradeCheck = 1500;
				TargetAttributes = {
					T1000000 = {
						CreatedOnToolsVersion = 15.0;
					};
				};
			};
			buildConfigurationList = L1000002 /* Build configuration list for PBXProject "MedMarg" */;
			compatibilityVersion = "Xcode 14.0";
			developmentRegion = en;
			hasScannedForEncodings = 0;
			knownRegions = (
				en,
				Base,
			);
			mainGroup = G1000000;
			productRefGroup = G1000000;
			projectDirPath = "";
			projectRoot = "";
			targets = (
				T1000000 /* MedMarg */,
			);
		};
/* End PBXProject section */

/* Begin PBXResourcesBuildPhase section */
		C1000003 /* Resources */ = {
			isa = PBXResourcesBuildPhase;
			buildActionMask = 2147483647;
			files = (
				B1000004 /* Assets.xcassets in Resources */,
			);
			runOnlyForDeploymentPostprocessing = 0;
		};
/* End PBXResourcesBuildPhase section */

/* Begin PBXSourcesBuildPhase section */
		C1000002 /* Sources */ = {
			isa = PBXSourcesBuildPhase;
			buildActionMask = 2147483647;
			files = (
				B2000001 /* AdminConsoleView.swift in Sources */,
				B2000002 /* AdminFleetView.swift in Sources */,
				B2000003 /* AdminLabsView.swift in Sources */,
				B2000004 /* AdminOverviewView.swift in Sources */,
				B2000005 /* AdminTestsView.swift in Sources */,
				B2000006 /* AdminUsersView.swift in Sources */,
				B2000007 /* ContentView.swift in Sources */,
				B2000008 /* MedMargApp.swift in Sources */,
				B2000009 /* Models.swift in Sources */,
				B2000010 /* BottomNavbarView.swift in Sources */,
				B2000011 /* SidebarView.swift in Sources */,
				B2000012 /* TopbarView.swift in Sources */,
			);
			runOnlyForDeploymentPostprocessing = 0;
		};
/* End PBXSourcesBuildPhase section */

/* Begin XCBuildConfiguration section */
		S1000001 /* Debug */ = {
			isa = XCBuildConfiguration;
			buildSettings = {
				ALWAYS_SEARCH_USER_PATHS = NO;
				ASSETCATALOG_COMPILER_APPICON_NAME = AppIcon;
				ASSETCATALOG_COMPILER_GLOBAL_ACCENT_COLOR_NAME = AccentColor;
				CLANG_ANALYZER_NONNULL = YES;
				CLANG_ANALYZER_NUMBER_OBJECT_CONVERSION = YES_AGGRESSIVE;
				CLANG_CXX_LANGUAGE_STANDARD = "gnu++20";
				CLANG_ENABLE_MODULES = YES;
				CLANG_ENABLE_OBJC_ARC = YES;
				CLANG_ENABLE_OBJC_WEAK = YES;
				CODE_SIGN_ENTITLEMENTS = "";
				CODE_SIGN_IDENTITY = "-";
				CODE_SIGNING_ALLOWED = YES;
				CODE_SIGNING_REQUIRED = NO;
				CODE_SIGN_STYLE = Automatic;
				CURRENT_PROJECT_VERSION = 1;
				ENABLE_PREVIEWS = YES;
				GENERATE_INFOPLIST_FILE = YES;
				INFOPLIST_KEY_UIApplicationSceneManifest_Generation = YES;
				INFOPLIST_KEY_UIApplicationSupportsIndirectInputEvents = YES;
				INFOPLIST_KEY_UILaunchScreen_Generation = YES;
				INFOPLIST_KEY_UISupportedInterfaceOrientations_iPhone = "UIInterfaceOrientationPortrait UIInterfaceOrientationLandscapeLeft UIInterfaceOrientationLandscapeRight";
				IPHONEOS_DEPLOYMENT_TARGET = 16.0;
				SDKROOT = iphoneos;
				SUPPORTED_PLATFORMS = "iphoneos iphonesimulator";
				LD_RUNPATH_SEARCH_PATHS = (
					"$(inherited)",
					"@executable_path/Frameworks",
				);
				MARKETING_VERSION = 1.0;
				PRODUCT_BUNDLE_IDENTIFIER = com.medmarg.health;
				PRODUCT_NAME = "$(TARGET_NAME)";
				SWIFT_EMIT_LOC_STRINGS = YES;
				SWIFT_OPTIMIZATION_LEVEL = "-Onone";
				SWIFT_VERSION = 5.0;
				TARGETED_DEVICE_FAMILY = "1,2";
			};
			name = Debug;
		};
		S1000002 /* Release */ = {
			isa = XCBuildConfiguration;
			buildSettings = {
				ALWAYS_SEARCH_USER_PATHS = NO;
				ASSETCATALOG_COMPILER_APPICON_NAME = AppIcon;
				ASSETCATALOG_COMPILER_GLOBAL_ACCENT_COLOR_NAME = AccentColor;
				CLANG_ANALYZER_NONNULL = YES;
				CLANG_ANALYZER_NUMBER_OBJECT_CONVERSION = YES_AGGRESSIVE;
				CLANG_CXX_LANGUAGE_STANDARD = "gnu++20";
				CLANG_ENABLE_MODULES = YES;
				CLANG_ENABLE_OBJC_ARC = YES;
				CLANG_ENABLE_OBJC_WEAK = YES;
				CODE_SIGN_ENTITLEMENTS = "";
				CODE_SIGN_IDENTITY = "-";
				CODE_SIGNING_ALLOWED = YES;
				CODE_SIGNING_REQUIRED = NO;
				CODE_SIGN_STYLE = Automatic;
				CURRENT_PROJECT_VERSION = 1;
				ENABLE_PREVIEWS = YES;
				GENERATE_INFOPLIST_FILE = YES;
				INFOPLIST_KEY_UIApplicationSceneManifest_Generation = YES;
				INFOPLIST_KEY_UIApplicationSupportsIndirectInputEvents = YES;
				INFOPLIST_KEY_UILaunchScreen_Generation = YES;
				INFOPLIST_KEY_UISupportedInterfaceOrientations_iPhone = "UIInterfaceOrientationPortrait UIInterfaceOrientationLandscapeLeft UIInterfaceOrientationLandscapeRight";
				IPHONEOS_DEPLOYMENT_TARGET = 16.0;
				SDKROOT = iphoneos;
				SUPPORTED_PLATFORMS = "iphoneos iphonesimulator";
				LD_RUNPATH_SEARCH_PATHS = (
					"$(inherited)",
					"@executable_path/Frameworks",
				);
				MARKETING_VERSION = 1.0;
				PRODUCT_BUNDLE_IDENTIFIER = com.medmarg.health;
				PRODUCT_NAME = "$(TARGET_NAME)";
				SWIFT_EMIT_LOC_STRINGS = YES;
				SWIFT_VERSION = 5.0;
				TARGETED_DEVICE_FAMILY = "1,2";
			};
			name = Release;
		};
		S1000003 /* Debug */ = {
			isa = XCBuildConfiguration;
			buildSettings = {
				ALWAYS_SEARCH_USER_PATHS = NO;
				CLANG_ANALYZER_NONNULL = YES;
				CLANG_CXX_LANGUAGE_STANDARD = "gnu++20";
				CLANG_ENABLE_MODULES = YES;
				CLANG_ENABLE_OBJC_ARC = YES;
				DEBUG_INFORMATION_FORMAT = dwarf;
				ENABLE_TESTABILITY = YES;
				GCC_DYNAMIC_NO_PIC = NO;
				GCC_OPTIMIZATION_LEVEL = 0;
				GCC_PREPROCESSOR_DEFINITIONS = (
					"DEBUG=1",
					"$(inherited)",
				);
				MTL_ENABLE_DEBUG_INFO = INCLUDE_SOURCE;
				MTL_FAST_MATH = YES;
				ONLY_ACTIVE_ARCH = YES;
				SWIFT_ACTIVE_COMPILATION_CONDITIONS = DEBUG;
				SWIFT_OPTIMIZATION_LEVEL = "-Onone";
			};
			name = Debug;
		};
		S1000004 /* Release */ = {
			isa = XCBuildConfiguration;
			buildSettings = {
				ALWAYS_SEARCH_USER_PATHS = NO;
				CLANG_ANALYZER_NONNULL = YES;
				CLANG_CXX_LANGUAGE_STANDARD = "gnu++20";
				CLANG_ENABLE_MODULES = YES;
				CLANG_ENABLE_OBJC_ARC = YES;
				DEBUG_INFORMATION_FORMAT = "dwarf-with-dsym";
				ENABLE_NS_ASSERTIONS = NO;
				MTL_FAST_MATH = YES;
				SWIFT_COMPILATION_MODE = wholemodule;
				SWIFT_OPTIMIZATION_LEVEL = "-O";
			};
			name = Release;
		};
/* End XCBuildConfiguration section */

/* Begin XCConfigurationList section */
		L1000001 /* Build configuration list for PBXNativeTarget "MedMarg" */ = {
			isa = XCConfigurationList;
			buildConfigurations = (
				S1000001 /* Debug */,
				S1000002 /* Release */,
			);
			defaultConfigurationIsVisible = 0;
			defaultConfigurationName = Release;
		};
		L1000002 /* Build configuration list for PBXProject "MedMarg" */ = {
			isa = XCConfigurationList;
			buildConfigurations = (
				S1000003 /* Debug */,
				S1000004 /* Release */,
			);
			defaultConfigurationIsVisible = 0;
			defaultConfigurationName = Release;
		};
/* End XCConfigurationList section */
	};
	rootObject = PR100000 /* Project object */;
}
